
Microsoft Visual Studio Solution File, Format Version 12.00
# Visual Studio Version 16
VisualStudioVersion = 16.0.30413.136
MinimumVisualStudioVersion = 10.0.40219.1
Project("{FAE04EC0-301F-11D3-BF4B-00C04F79EFBC}") = "AprendendoLibras", "AluraWF\AprendendoLibras.csproj", "{89D7A278-1551-4BCE-943C-FB3EA2F37B3F}"
EndProject
Global
	GlobalSection(SolutionConfigurationPlatforms) = preSolution
		Debug|Any CPU = Debug|Any CPU
		Release|Any CPU = Release|Any CPU
	EndGlobalSection
	GlobalSection(ProjectConfigurationPlatforms) = postSolution
		{89D7A278-1551-4BCE-943C-FB3EA2F37B3F}.Debug|Any CPU.ActiveCfg = Debug|Any CPU
		{89D7A278-1551-4BCE-943C-FB3EA2F37B3F}.Debug|Any CPU.Build.0 = Debug|Any CPU
		{89D7A278-1551-4BCE-943C-FB3EA2F37B3F}.Release|Any CPU.ActiveCfg = Release|Any CPU
		{89D7A278-1551-4BCE-943C-FB3EA2F37B3F}.Release|Any CPU.Build.0 = Release|Any CPU
	EndGlobalSection
	GlobalSection(SolutionProperties) = preSolution
		HideSolutionNode = FALSE
	EndGlobalSection
	GlobalSection(ExtensibilityGlobals) = postSolution
		SolutionGuid = {49BA7578-4749-49BB-A74D-31BC1AD5CDCC}
	EndGlobalSection
EndGlobal
